
Microsoft Visual Studio Solution File, Format Version 12.00
# Visual Studio Version 17
VisualStudioVersion = 17.4.33205.214
MinimumVisualStudioVersion = 10.0.40219.1
Project("{9A19103F-16F7-4668-BE54-9A1E7A4F7556}") = "GauranteedRateConsoleApp", "GauranteedRateConsoleApp\GauranteedRateConsoleApp.csproj", "{EF8CC381-1508-4C5B-B8EF-FC7D1B3E6FF1}"
EndProject
Project("{FAE04EC0-301F-11D3-BF4B-00C04F79EFBC}") = "GauranteedRateConsoleTests", "GauranteedRateConsoleTests\GauranteedRateConsoleTests.csproj", "{A005496F-C1A9-4B06-922F-A92B849BA0CB}"
EndProject
Global
	GlobalSection(SolutionConfigurationPlatforms) = preSolution
		Debug|Any CPU = Debug|Any CPU
		Release|Any CPU = Release|Any CPU
	EndGlobalSection
	GlobalSection(ProjectConfigurationPlatforms) = postSolution
		{EF8CC381-1508-4C5B-B8EF-FC7D1B3E6FF1}.Debug|Any CPU.ActiveCfg = Debug|Any CPU
		{EF8CC381-1508-4C5B-B8EF-FC7D1B3E6FF1}.Debug|Any CPU.Build.0 = Debug|Any CPU
		{EF8CC381-1508-4C5B-B8EF-FC7D1B3E6FF1}.Release|Any CPU.ActiveCfg = Release|Any CPU
		{EF8CC381-1508-4C5B-B8EF-FC7D1B3E6FF1}.Release|Any CPU.Build.0 = Release|Any CPU
		{A005496F-C1A9-4B06-922F-A92B849BA0CB}.Debug|Any CPU.ActiveCfg = Debug|Any CPU
		{A005496F-C1A9-4B06-922F-A92B849BA0CB}.Debug|Any CPU.Build.0 = Debug|Any CPU
		{A005496F-C1A9-4B06-922F-A92B849BA0CB}.Release|Any CPU.ActiveCfg = Release|Any CPU
		{A005496F-C1A9-4B06-922F-A92B849BA0CB}.Release|Any CPU.Build.0 = Release|Any CPU
	EndGlobalSection
	GlobalSection(SolutionProperties) = preSolution
		HideSolutionNode = FALSE
	EndGlobalSection
	GlobalSection(ExtensibilityGlobals) = postSolution
		SolutionGuid = {B53A816A-0E02-4C6A-9B39-D35C42EEFF63}
	EndGlobalSection
EndGlobal
